<Solution>
  <Project Path="NashrahShaikh.Suite.Api/NashrahShaikh.Suite.Api.csproj" Id="cd230e0d-ffd3-428d-b643-7e4192a3e17e" />
  <Project Path="NashrahShaikh.Suite.Domain/NashrahShaikh.Suite.Domain.csproj" />
  <Project Path="NashrahShaikh.Suite.Infrastructure/NashrahShaikh.Suite.Infrastructure.csproj" Id="bbb300db-fb00-4488-be75-50f9aa06ccdc" />
  <Project Path="NashrahShaikh.Suite.Shared/NashrahShaikh.Suite.Shared/NashrahShaikh.Suite.Shared.csproj" Id="485f8dcd-3baf-43dd-84fc-4efd3a23a300" />
</Solution>
